
Microsoft Visual Studio Solution File, Format Version 12.00
# Visual Studio Version 17
VisualStudioVersion = 17.5.33530.505
MinimumVisualStudioVersion = 10.0.40219.1
Project("{FAE04EC0-301F-11D3-BF4B-00C04F79EFBC}") = "TDengineClient", "TDengineClient\TDengineClient.csproj", "{300D0ED0-4B12-41E7-BB9F-446A64DF9493}"
EndProject
Project("{FAE04EC0-301F-11D3-BF4B-00C04F79EFBC}") = "TDengine.WebClient", "TDengine.WebClient\TDengine.WebClient.csproj", "{293BDD81-74C4-402E-B71D-81F23E4E7B7B}"
EndProject
Project("{FAE04EC0-301F-11D3-BF4B-00C04F79EFBC}") = "TDengineAspCoreClient", "TDengineAspCoreClient\TDengineAspCoreClient.csproj", "{7F7BACF0-5A37-4EA2-B776-AD63E2177DD0}"
EndProject
Global
	GlobalSection(SolutionConfigurationPlatforms) = preSolution
		Debug|Any CPU = Debug|Any CPU
		Release|Any CPU = Release|Any CPU
	EndGlobalSection
	GlobalSection(ProjectConfigurationPlatforms) = postSolution
		{300D0ED0-4B12-41E7-BB9F-446A64DF9493}.Debug|Any CPU.ActiveCfg = Debug|Any CPU
		{300D0ED0-4B12-41E7-BB9F-446A64DF9493}.Debug|Any CPU.Build.0 = Debug|Any CPU
		{300D0ED0-4B12-41E7-BB9F-446A64DF9493}.Release|Any CPU.ActiveCfg = Release|Any CPU
		{300D0ED0-4B12-41E7-BB9F-446A64DF9493}.Release|Any CPU.Build.0 = Release|Any CPU
		{293BDD81-74C4-402E-B71D-81F23E4E7B7B}.Debug|Any CPU.ActiveCfg = Debug|Any CPU
		{293BDD81-74C4-402E-B71D-81F23E4E7B7B}.Debug|Any CPU.Build.0 = Debug|Any CPU
		{293BDD81-74C4-402E-B71D-81F23E4E7B7B}.Release|Any CPU.ActiveCfg = Release|Any CPU
		{293BDD81-74C4-402E-B71D-81F23E4E7B7B}.Release|Any CPU.Build.0 = Release|Any CPU
		{7F7BACF0-5A37-4EA2-B776-AD63E2177DD0}.Debug|Any CPU.ActiveCfg = Debug|Any CPU
		{7F7BACF0-5A37-4EA2-B776-AD63E2177DD0}.Debug|Any CPU.Build.0 = Debug|Any CPU
		{7F7BACF0-5A37-4EA2-B776-AD63E2177DD0}.Release|Any CPU.ActiveCfg = Release|Any CPU
		{7F7BACF0-5A37-4EA2-B776-AD63E2177DD0}.Release|Any CPU.Build.0 = Release|Any CPU
	EndGlobalSection
	GlobalSection(SolutionProperties) = preSolution
		HideSolutionNode = FALSE
	EndGlobalSection
	GlobalSection(ExtensibilityGlobals) = postSolution
		SolutionGuid = {C6AF6C32-CC5E-4F38-BA2A-6402D5639C15}
	EndGlobalSection
EndGlobal
